
Microsoft Visual Studio Solution File, Format Version 12.00
Project("{FAE04EC0-301F-11D3-BF4B-00C04F79EFBC}") = "MnimalAPIDemo", "MnimalAPIDemo\MnimalAPIDemo.csproj", "{32661550-C474-45C4-9820-A7759F45131B}"
EndProject
Project("{FAE04EC0-301F-11D3-BF4B-00C04F79EFBC}") = "DataAccess", "DataAccess\DataAccess.csproj", "{3E7921D4-BC3F-4811-B5C7-4B8C4E708AC3}"
EndProject
Project("{FAE04EC0-301F-11D3-BF4B-00C04F79EFBC}") = "BlazorServerDemo", "BlazorServerDemo\BlazorServerDemo.csproj", "{00BACC7F-063F-4C44-A9DE-C3F28E48C34C}"
EndProject
Project("{FAE04EC0-301F-11D3-BF4B-00C04F79EFBC}") = "DataAccess.Tests", "DataAccess.Tests\DataAccess.Tests.csproj", "{C3F3595E-32CB-4265-AF36-45DBB8BB3BC3}"
EndProject
Global
	GlobalSection(SolutionConfigurationPlatforms) = preSolution
		Debug|Any CPU = Debug|Any CPU
		Release|Any CPU = Release|Any CPU
	EndGlobalSection
	GlobalSection(ProjectConfigurationPlatforms) = postSolution
		{32661550-C474-45C4-9820-A7759F45131B}.Debug|Any CPU.ActiveCfg = Debug|Any CPU
		{32661550-C474-45C4-9820-A7759F45131B}.Debug|Any CPU.Build.0 = Debug|Any CPU
		{32661550-C474-45C4-9820-A7759F45131B}.Release|Any CPU.ActiveCfg = Release|Any CPU
		{32661550-C474-45C4-9820-A7759F45131B}.Release|Any CPU.Build.0 = Release|Any CPU
		{3E7921D4-BC3F-4811-B5C7-4B8C4E708AC3}.Debug|Any CPU.ActiveCfg = Debug|Any CPU
		{3E7921D4-BC3F-4811-B5C7-4B8C4E708AC3}.Debug|Any CPU.Build.0 = Debug|Any CPU
		{3E7921D4-BC3F-4811-B5C7-4B8C4E708AC3}.Release|Any CPU.ActiveCfg = Release|Any CPU
		{3E7921D4-BC3F-4811-B5C7-4B8C4E708AC3}.Release|Any CPU.Build.0 = Release|Any CPU
		{00BACC7F-063F-4C44-A9DE-C3F28E48C34C}.Debug|Any CPU.ActiveCfg = Debug|Any CPU
		{00BACC7F-063F-4C44-A9DE-C3F28E48C34C}.Debug|Any CPU.Build.0 = Debug|Any CPU
		{00BACC7F-063F-4C44-A9DE-C3F28E48C34C}.Release|Any CPU.ActiveCfg = Release|Any CPU
		{00BACC7F-063F-4C44-A9DE-C3F28E48C34C}.Release|Any CPU.Build.0 = Release|Any CPU
		{C3F3595E-32CB-4265-AF36-45DBB8BB3BC3}.Debug|Any CPU.ActiveCfg = Debug|Any CPU
		{C3F3595E-32CB-4265-AF36-45DBB8BB3BC3}.Debug|Any CPU.Build.0 = Debug|Any CPU
		{C3F3595E-32CB-4265-AF36-45DBB8BB3BC3}.Release|Any CPU.ActiveCfg = Release|Any CPU
		{C3F3595E-32CB-4265-AF36-45DBB8BB3BC3}.Release|Any CPU.Build.0 = Release|Any CPU
	EndGlobalSection
EndGlobal
